
Microsoft Visual Studio Solution File, Format Version 12.00
# Visual Studio Version 17
VisualStudioVersion = 17.8.34330.188
MinimumVisualStudioVersion = 10.0.40219.1
Project("{FAE04EC0-301F-11D3-BF4B-00C04F79EFBC}") = "WebAppAss15", "WebAppAss15\WebAppAss15.csproj", "{4C521C80-8690-44F7-B5C5-0020CBBE49CF}"
EndProject
Global
	GlobalSection(SolutionConfigurationPlatforms) = preSolution
		Debug|Any CPU = Debug|Any CPU
		Release|Any CPU = Release|Any CPU
	EndGlobalSection
	GlobalSection(ProjectConfigurationPlatforms) = postSolution
		{4C521C80-8690-44F7-B5C5-0020CBBE49CF}.Debug|Any CPU.ActiveCfg = Debug|Any CPU
		{4C521C80-8690-44F7-B5C5-0020CBBE49CF}.Debug|Any CPU.Build.0 = Debug|Any CPU
		{4C521C80-8690-44F7-B5C5-0020CBBE49CF}.Release|Any CPU.ActiveCfg = Release|Any CPU
		{4C521C80-8690-44F7-B5C5-0020CBBE49CF}.Release|Any CPU.Build.0 = Release|Any CPU
	EndGlobalSection
	GlobalSection(SolutionProperties) = preSolution
		HideSolutionNode = FALSE
	EndGlobalSection
	GlobalSection(ExtensibilityGlobals) = postSolution
		SolutionGuid = {25DDD1CD-9184-4D60-BA75-3AF88AD88922}
	EndGlobalSection
EndGlobal
